// !$*UTF8*$!
{
	archiveVersion = 1;
	classes = {
	};
	objectVersion = 56;
	objects = {

/* Begin PBXBuildFile section */
		C1D90F992A2C50ED00837429 /* HouseOfYorkeApp.swift in Sources */ = {isa = PBXBuildFile; fileRef = C1D90F982A2C50ED00837429 /* HouseOfYorkeApp.swift */; };
		C1D90F9B2A2C50ED00837429 /* ContentView.swift in Sources */ = {isa = PBXBuildFile; fileRef = C1D90F9A2A2C50ED00837429 /* ContentView.swift */; };
		C1D90F9D2A2C50EE00837429 /* Assets.xcassets in Resources */ = {isa = PBXBuildFile; fileRef = C1D90F9C2A2C50EE00837429 /* Assets.xcassets */; };
		C1D90FA02A2C50EE00837429 /* Preview Assets.xcassets in Resources */ = {isa = PBXBuildFile; fileRef = C1D90F9F2A2C50EE00837429 /* Preview Assets.xcassets */; };
		C1D90FA82A2C527900837429 /* FirebaseAnalytics in Frameworks */ = {isa = PBXBuildFile; productRef = C1D90FA72A2C527900837429 /* FirebaseAnalytics */; };
		C1D90FAA2A2C527900837429 /* FirebaseFirestore in Frameworks */ = {isa = PBXBuildFile; productRef = C1D90FA92A2C527900837429 /* FirebaseFirestore */; };
		C1D90FAD2A2C534500837429 /* GoogleService-Info.plist in Resources */ = {isa = PBXBuildFile; fileRef = C1D90FAC2A2C534500837429 /* GoogleService-Info.plist */; };
		C1D90FB02A2C54C100837429 /* ViewModel.swift in Sources */ = {isa = PBXBuildFile; fileRef = C1D90FAF2A2C54C100837429 /* ViewModel.swift */; };
		C1D90FB72A2C573B00837429 /* WhiteRoseOfYork.white.1024.png in Resources */ = {isa = PBXBuildFile; fileRef = C1D90FB32A2C573B00837429 /* WhiteRoseOfYork.white.1024.png */; };
		C1D90FB82A2C573B00837429 /* WhiteRoseOfYork.40.png in Resources */ = {isa = PBXBuildFile; fileRef = C1D90FB42A2C573B00837429 /* WhiteRoseOfYork.40.png */; };
		C1D90FB92A2C573B00837429 /* WhiteRoseOfYork.80.png in Resources */ = {isa = PBXBuildFile; fileRef = C1D90FB52A2C573B00837429 /* WhiteRoseOfYork.80.png */; };
		C1D90FBA2A2C573B00837429 /* WhiteRoseOfYork.120.png in Resources */ = {isa = PBXBuildFile; fileRef = C1D90FB62A2C573B00837429 /* WhiteRoseOfYork.120.png */; };
		C1D90FBC2A2C589C00837429 /* HeaderView.swift in Sources */ = {isa = PBXBuildFile; fileRef = C1D90FBB2A2C589C00837429 /* HeaderView.swift */; };
		C1D90FBF2A2C5BB600837429 /* Person.swift in Sources */ = {isa = PBXBuildFile; fileRef = C1D90FBE2A2C5BB600837429 /* Person.swift */; };
		C1D90FC42A2C71E300837429 /* Updater.swift in Sources */ = {isa = PBXBuildFile; fileRef = C1D90FC32A2C71E300837429 /* Updater.swift */; };
		C1D90FC72A2C7BC800837429 /* PersonDataManager.swift in Sources */ = {isa = PBXBuildFile; fileRef = C1D90FC62A2C7BC800837429 /* PersonDataManager.swift */; };
		C1D90FCA2A2C7C3200837429 /* FirestoreType.swift in Sources */ = {isa = PBXBuildFile; fileRef = C1D90FC92A2C7C3200837429 /* FirestoreType.swift */; };
		C1D90FCD2A2C7CC500837429 /* DocumentSnapshotExtension.swift in Sources */ = {isa = PBXBuildFile; fileRef = C1D90FCC2A2C7CC500837429 /* DocumentSnapshotExtension.swift */; };
		C1D90FCF2A2C7D0100837429 /* FirebaseError.swift in Sources */ = {isa = PBXBuildFile; fileRef = C1D90FCE2A2C7D0100837429 /* FirebaseError.swift */; };
		C1D90FD12A2C7F7D00837429 /* EncodableExtension.swift in Sources */ = {isa = PBXBuildFile; fileRef = C1D90FD02A2C7F7D00837429 /* EncodableExtension.swift */; };
/* End PBXBuildFile section */

/* Begin PBXFileReference section */
		C1D90F952A2C50ED00837429 /* HouseOfYorke.app */ = {isa = PBXFileReference; explicitFileType = wrapper.application; includeInIndex = 0; path = HouseOfYorke.app; sourceTree = BUILT_PRODUCTS_DIR; };
		C1D90F982A2C50ED00837429 /* HouseOfYorkeApp.swift */ = {isa = PBXFileReference; lastKnownFileType = sourcecode.swift; path = HouseOfYorkeApp.swift; sourceTree = "<group>"; };
		C1D90F9A2A2C50ED00837429 /* ContentView.swift */ = {isa = PBXFileReference; lastKnownFileType = sourcecode.swift; path = ContentView.swift; sourceTree = "<group>"; };
		C1D90F9C2A2C50EE00837429 /* Assets.xcassets */ = {isa = PBXFileReference; lastKnownFileType = folder.assetcatalog; path = Assets.xcassets; sourceTree = "<group>"; };
		C1D90F9F2A2C50EE00837429 /* Preview Assets.xcassets */ = {isa = PBXFileReference; lastKnownFileType = folder.assetcatalog; path = "Preview Assets.xcassets"; sourceTree = "<group>"; };
		C1D90FAC2A2C534500837429 /* GoogleService-Info.plist */ = {isa = PBXFileReference; lastKnownFileType = text.plist; path = "GoogleService-Info.plist"; sourceTree = SOURCE_ROOT; };
		C1D90FAF2A2C54C100837429 /* ViewModel.swift */ = {isa = PBXFileReference; lastKnownFileType = sourcecode.swift; path = ViewModel.swift; sourceTree = "<group>"; };
		C1D90FB32A2C573B00837429 /* WhiteRoseOfYork.white.1024.png */ = {isa = PBXFileReference; lastKnownFileType = image.png; path = WhiteRoseOfYork.white.1024.png; sourceTree = "<group>"; };
		C1D90FB42A2C573B00837429 /* WhiteRoseOfYork.40.png */ = {isa = PBXFileReference; lastKnownFileType = image.png; path = WhiteRoseOfYork.40.png; sourceTree = "<group>"; };
		C1D90FB52A2C573B00837429 /* WhiteRoseOfYork.80.png */ = {isa = PBXFileReference; lastKnownFileType = image.png; path = WhiteRoseOfYork.80.png; sourceTree = "<group>"; };
		C1D90FB62A2C573B00837429 /* WhiteRoseOfYork.120.png */ = {isa = PBXFileReference; lastKnownFileType = image.png; path = WhiteRoseOfYork.120.png; sourceTree = "<group>"; };
		C1D90FBB2A2C589C00837429 /* HeaderView.swift */ = {isa = PBXFileReference; lastKnownFileType = sourcecode.swift; path = HeaderView.swift; sourceTree = "<group>"; };
		C1D90FBE2A2C5BB600837429 /* Person.swift */ = {isa = PBXFileReference; lastKnownFileType = sourcecode.swift; path = Person.swift; sourceTree = "<group>"; };
		C1D90FC32A2C71E300837429 /* Updater.swift */ = {isa = PBXFileReference; lastKnownFileType = sourcecode.swift; path = Updater.swift; sourceTree = "<group>"; };
		C1D90FC62A2C7BC800837429 /* PersonDataManager.swift */ = {isa = PBXFileReference; lastKnownFileType = sourcecode.swift; path = PersonDataManager.swift; sourceTree = "<group>"; };
		C1D90FC92A2C7C3200837429 /* FirestoreType.swift */ = {isa = PBXFileReference; lastKnownFileType = sourcecode.swift; path = FirestoreType.swift; sourceTree = "<group>"; };
		C1D90FCC2A2C7CC500837429 /* DocumentSnapshotExtension.swift */ = {isa = PBXFileReference; lastKnownFileType = sourcecode.swift; path = DocumentSnapshotExtension.swift; sourceTree = "<group>"; };
		C1D90FCE2A2C7D0100837429 /* FirebaseError.swift */ = {isa = PBXFileReference; lastKnownFileType = sourcecode.swift; path = FirebaseError.swift; sourceTree = "<group>"; };
		C1D90FD02A2C7F7D00837429 /* EncodableExtension.swift */ = {isa = PBXFileReference; lastKnownFileType = sourcecode.swift; path = EncodableExtension.swift; sourceTree = "<group>"; };
/* End PBXFileReference section */

/* Begin PBXFrameworksBuildPhase section */
		C1D90F922A2C50ED00837429 /* Frameworks */ = {
			isa = PBXFrameworksBuildPhase;
			buildActionMask = 2147483647;
			files = (
				C1D90FA82A2C527900837429 /* FirebaseAnalytics in Frameworks */,
				C1D90FAA2A2C527900837429 /* FirebaseFirestore in Frameworks */,
			);
			runOnlyForDeploymentPostprocessing = 0;
		};
/* End PBXFrameworksBuildPhase section */

/* Begin PBXGroup section */
		C1D90F8C2A2C50ED00837429 = {
			isa = PBXGroup;
			children = (
				C1D90F972A2C50ED00837429 /* HouseOfYorke */,
				C1D90F962A2C50ED00837429 /* Products */,
			);
			sourceTree = "<group>";
		};
		C1D90F962A2C50ED00837429 /* Products */ = {
			isa = PBXGroup;
			children = (
				C1D90F952A2C50ED00837429 /* HouseOfYorke.app */,
			);
			name = Products;
			sourceTree = "<group>";
		};
		C1D90F972A2C50ED00837429 /* HouseOfYorke */ = {
			isa = PBXGroup;
			children = (
				C1D90FCB2A2C7CAB00837429 /* Extensions */,
				C1D90FB22A2C56B200837429 /* Images */,
				C1D90FAB2A2C52EC00837429 /* Infrastructure */,
				C1D90FC52A2C7BB400837429 /* Managers */,
				C1D90FBD2A2C5B9E00837429 /* Models */,
				C1D90FC82A2C7C0E00837429 /* Utilities */,
				C1D90FB12A2C54D000837429 /* ViewModels */,
				C1D90FAE2A2C535300837429 /* Views */,
			);
			path = HouseOfYorke;
			sourceTree = "<group>";
		};
		C1D90F9E2A2C50EE00837429 /* Preview Content */ = {
			isa = PBXGroup;
			children = (
				C1D90F9F2A2C50EE00837429 /* Preview Assets.xcassets */,
			);
			path = "Preview Content";
			sourceTree = "<group>";
		};
		C1D90FAB2A2C52EC00837429 /* Infrastructure */ = {
			isa = PBXGroup;
			children = (
				C1D90F9C2A2C50EE00837429 /* Assets.xcassets */,
				C1D90FAC2A2C534500837429 /* GoogleService-Info.plist */,
				C1D90F982A2C50ED00837429 /* HouseOfYorkeApp.swift */,
				C1D90F9E2A2C50EE00837429 /* Preview Content */,
			);
			name = Infrastructure;
			sourceTree = "<group>";
		};
		C1D90FAE2A2C535300837429 /* Views */ = {
			isa = PBXGroup;
			children = (
				C1D90F9A2A2C50ED00837429 /* ContentView.swift */,
				C1D90FBB2A2C589C00837429 /* HeaderView.swift */,
			);
			name = Views;
			sourceTree = "<group>";
		};
		C1D90FB12A2C54D000837429 /* ViewModels */ = {
			isa = PBXGroup;
			children = (
				C1D90FAF2A2C54C100837429 /* ViewModel.swift */,
			);
			name = ViewModels;
			sourceTree = "<group>";
		};
		C1D90FB22A2C56B200837429 /* Images */ = {
			isa = PBXGroup;
			children = (
				C1D90FB42A2C573B00837429 /* WhiteRoseOfYork.40.png */,
				C1D90FB52A2C573B00837429 /* WhiteRoseOfYork.80.png */,
				C1D90FB62A2C573B00837429 /* WhiteRoseOfYork.120.png */,
				C1D90FB32A2C573B00837429 /* WhiteRoseOfYork.white.1024.png */,
			);
			path = Images;
			sourceTree = SOURCE_ROOT;
		};
		C1D90FBD2A2C5B9E00837429 /* Models */ = {
			isa = PBXGroup;
			children = (
				C1D90FBE2A2C5BB600837429 /* Person.swift */,
			);
			name = Models;
			sourceTree = "<group>";
		};
		C1D90FC52A2C7BB400837429 /* Managers */ = {
			isa = PBXGroup;
			children = (
				C1D90FC62A2C7BC800837429 /* PersonDataManager.swift */,
			);
			name = Managers;
			sourceTree = "<group>";
		};
		C1D90FC82A2C7C0E00837429 /* Utilities */ = {
			isa = PBXGroup;
			children = (
				C1D90FCE2A2C7D0100837429 /* FirebaseError.swift */,
				C1D90FC92A2C7C3200837429 /* FirestoreType.swift */,
				C1D90FC32A2C71E300837429 /* Updater.swift */,
			);
			name = Utilities;
			sourceTree = "<group>";
		};
		C1D90FCB2A2C7CAB00837429 /* Extensions */ = {
			isa = PBXGroup;
			children = (
				C1D90FCC2A2C7CC500837429 /* DocumentSnapshotExtension.swift */,
				C1D90FD02A2C7F7D00837429 /* EncodableExtension.swift */,
			);
			name = Extensions;
			sourceTree = "<group>";
		};
/* End PBXGroup section */

/* Begin PBXNativeTarget section */
		C1D90F942A2C50ED00837429 /* HouseOfYorke */ = {
			isa = PBXNativeTarget;
			buildConfigurationList = C1D90FA32A2C50EE00837429 /* Build configuration list for PBXNativeTarget "HouseOfYorke" */;
			buildPhases = (
				C1D90F912A2C50ED00837429 /* Sources */,
				C1D90F922A2C50ED00837429 /* Frameworks */,
				C1D90F932A2C50ED00837429 /* Resources */,
			);
			buildRules = (
			);
			dependencies = (
			);
			name = HouseOfYorke;
			packageProductDependencies = (
				C1D90FA72A2C527900837429 /* FirebaseAnalytics */,
				C1D90FA92A2C527900837429 /* FirebaseFirestore */,
			);
			productName = HouseOfYorke;
			productReference = C1D90F952A2C50ED00837429 /* HouseOfYorke.app */;
			productType = "com.apple.product-type.application";
		};
/* End PBXNativeTarget section */

/* Begin PBXProject section */
		C1D90F8D2A2C50ED00837429 /* Project object */ = {
			isa = PBXProject;
			attributes = {
				BuildIndependentTargetsInParallel = 1;
				LastSwiftUpdateCheck = 1430;
				LastUpgradeCheck = 1430;
				TargetAttributes = {
					C1D90F942A2C50ED00837429 = {
						CreatedOnToolsVersion = 14.3;
					};
				};
			};
			buildConfigurationList = C1D90F902A2C50ED00837429 /* Build configuration list for PBXProject "HouseOfYorke" */;
			compatibilityVersion = "Xcode 14.0";
			developmentRegion = en;
			hasScannedForEncodings = 0;
			knownRegions = (
				en,
				Base,
			);
			mainGroup = C1D90F8C2A2C50ED00837429;
			packageReferences = (
				C1D90FA62A2C527900837429 /* XCRemoteSwiftPackageReference "firebase-ios-sdk" */,
			);
			productRefGroup = C1D90F962A2C50ED00837429 /* Products */;
			projectDirPath = "";
			projectRoot = "";
			targets = (
				C1D90F942A2C50ED00837429 /* HouseOfYorke */,
			);
		};
/* End PBXProject section */

/* Begin PBXResourcesBuildPhase section */
		C1D90F932A2C50ED00837429 /* Resources */ = {
			isa = PBXResourcesBuildPhase;
			buildActionMask = 2147483647;
			files = (
				C1D90FB82A2C573B00837429 /* WhiteRoseOfYork.40.png in Resources */,
				C1D90FB92A2C573B00837429 /* WhiteRoseOfYork.80.png in Resources */,
				C1D90FA02A2C50EE00837429 /* Preview Assets.xcassets in Resources */,
				C1D90FB72A2C573B00837429 /* WhiteRoseOfYork.white.1024.png in Resources */,
				C1D90FBA2A2C573B00837429 /* WhiteRoseOfYork.120.png in Resources */,
				C1D90F9D2A2C50EE00837429 /* Assets.xcassets in Resources */,
				C1D90FAD2A2C534500837429 /* GoogleService-Info.plist in Resources */,
			);
			runOnlyForDeploymentPostprocessing = 0;
		};
/* End PBXResourcesBuildPhase section */

/* Begin PBXSourcesBuildPhase section */
		C1D90F912A2C50ED00837429 /* Sources */ = {
			isa = PBXSourcesBuildPhase;
			buildActionMask = 2147483647;
			files = (
				C1D90FBF2A2C5BB600837429 /* Person.swift in Sources */,
				C1D90F9B2A2C50ED00837429 /* ContentView.swift in Sources */,
				C1D90FC72A2C7BC800837429 /* PersonDataManager.swift in Sources */,
				C1D90FCA2A2C7C3200837429 /* FirestoreType.swift in Sources */,
				C1D90FB02A2C54C100837429 /* ViewModel.swift in Sources */,
				C1D90F992A2C50ED00837429 /* HouseOfYorkeApp.swift in Sources */,
				C1D90FCD2A2C7CC500837429 /* DocumentSnapshotExtension.swift in Sources */,
				C1D90FBC2A2C589C00837429 /* HeaderView.swift in Sources */,
				C1D90FC42A2C71E300837429 /* Updater.swift in Sources */,
				C1D90FCF2A2C7D0100837429 /* FirebaseError.swift in Sources */,
				C1D90FD12A2C7F7D00837429 /* EncodableExtension.swift in Sources */,
			);
			runOnlyForDeploymentPostprocessing = 0;
		};
/* End PBXSourcesBuildPhase section */

/* Begin XCBuildConfiguration section */
		C1D90FA12A2C50EE00837429 /* Debug */ = {
			isa = XCBuildConfiguration;
			buildSettings = {
				ALWAYS_SEARCH_USER_PATHS = NO;
				CLANG_ANALYZER_NONNULL = YES;
				CLANG_ANALYZER_NUMBER_OBJECT_CONVERSION = YES_AGGRESSIVE;
				CLANG_CXX_LANGUAGE_STANDARD = "gnu++20";
				CLANG_ENABLE_MODULES = YES;
				CLANG_ENABLE_OBJC_ARC = YES;
				CLANG_ENABLE_OBJC_WEAK = YES;
				CLANG_WARN_BLOCK_CAPTURE_AUTORELEASING = YES;
				CLANG_WARN_BOOL_CONVERSION = YES;
				CLANG_WARN_COMMA = YES;
				CLANG_WARN_CONSTANT_CONVERSION = YES;
				CLANG_WARN_DEPRECATED_OBJC_IMPLEMENTATIONS = YES;
				CLANG_WARN_DIRECT_OBJC_ISA_USAGE = YES_ERROR;
				CLANG_WARN_DOCUMENTATION_COMMENTS = YES;
				CLANG_WARN_EMPTY_BODY = YES;
				CLANG_WARN_ENUM_CONVERSION = YES;
				CLANG_WARN_INFINITE_RECURSION = YES;
				CLANG_WARN_INT_CONVERSION = YES;
				CLANG_WARN_NON_LITERAL_NULL_CONVERSION = YES;
				CLANG_WARN_OBJC_IMPLICIT_RETAIN_SELF = YES;
				CLANG_WARN_OBJC_LITERAL_CONVERSION = YES;
				CLANG_WARN_OBJC_ROOT_CLASS = YES_ERROR;
				CLANG_WARN_QUOTED_INCLUDE_IN_FRAMEWORK_HEADER = YES;
				CLANG_WARN_RANGE_LOOP_ANALYSIS = YES;
				CLANG_WARN_STRICT_PROTOTYPES = YES;
				CLANG_WARN_SUSPICIOUS_MOVE = YES;
				CLANG_WARN_UNGUARDED_AVAILABILITY = YES_AGGRESSIVE;
				CLANG_WARN_UNREACHABLE_CODE = YES;
				CLANG_WARN__DUPLICATE_METHOD_MATCH = YES;
				COPY_PHASE_STRIP = NO;
				DEBUG_INFORMATION_FORMAT = dwarf;
				ENABLE_STRICT_OBJC_MSGSEND = YES;
				ENABLE_TESTABILITY = YES;
				GCC_C_LANGUAGE_STANDARD = gnu11;
				GCC_DYNAMIC_NO_PIC = NO;
				GCC_NO_COMMON_BLOCKS = YES;
				GCC_OPTIMIZATION_LEVEL = 0;
				GCC_PREPROCESSOR_DEFINITIONS = (
					"DEBUG=1",
					"$(inherited)",
				);
				GCC_WARN_64_TO_32_BIT_CONVERSION = YES;
				GCC_WARN_ABOUT_RETURN_TYPE = YES_ERROR;
				GCC_WARN_UNDECLARED_SELECTOR = YES;
				GCC_WARN_UNINITIALIZED_AUTOS = YES_AGGRESSIVE;
				GCC_WARN_UNUSED_FUNCTION = YES;
				GCC_WARN_UNUSED_VARIABLE = YES;
				IPHONEOS_DEPLOYMENT_TARGET = 16.4;
				MTL_ENABLE_DEBUG_INFO = INCLUDE_SOURCE;
				MTL_FAST_MATH = YES;
				ONLY_ACTIVE_ARCH = YES;
				SDKROOT = iphoneos;
				SWIFT_ACTIVE_COMPILATION_CONDITIONS = DEBUG;
				SWIFT_OPTIMIZATION_LEVEL = "-Onone";
			};
			name = Debug;
		};
		C1D90FA22A2C50EE00837429 /* Release */ = {
			isa = XCBuildConfiguration;
			buildSettings = {
				ALWAYS_SEARCH_USER_PATHS = NO;
				CLANG_ANALYZER_NONNULL = YES;
				CLANG_ANALYZER_NUMBER_OBJECT_CONVERSION = YES_AGGRESSIVE;
				CLANG_CXX_LANGUAGE_STANDARD = "gnu++20";
				CLANG_ENABLE_MODULES = YES;
				CLANG_ENABLE_OBJC_ARC = YES;
				CLANG_ENABLE_OBJC_WEAK = YES;
				CLANG_WARN_BLOCK_CAPTURE_AUTORELEASING = YES;
				CLANG_WARN_BOOL_CONVERSION = YES;
				CLANG_WARN_COMMA = YES;
				CLANG_WARN_CONSTANT_CONVERSION = YES;
				CLANG_WARN_DEPRECATED_OBJC_IMPLEMENTATIONS = YES;
				CLANG_WARN_DIRECT_OBJC_ISA_USAGE = YES_ERROR;
				CLANG_WARN_DOCUMENTATION_COMMENTS = YES;
				CLANG_WARN_EMPTY_BODY = YES;
				CLANG_WARN_ENUM_CONVERSION = YES;
				CLANG_WARN_INFINITE_RECURSION = YES;
				CLANG_WARN_INT_CONVERSION = YES;
				CLANG_WARN_NON_LITERAL_NULL_CONVERSION = YES;
				CLANG_WARN_OBJC_IMPLICIT_RETAIN_SELF = YES;
				CLANG_WARN_OBJC_LITERAL_CONVERSION = YES;
				CLANG_WARN_OBJC_ROOT_CLASS = YES_ERROR;
				CLANG_WARN_QUOTED_INCLUDE_IN_FRAMEWORK_HEADER = YES;
				CLANG_WARN_RANGE_LOOP_ANALYSIS = YES;
				CLANG_WARN_STRICT_PROTOTYPES = YES;
				CLANG_WARN_SUSPICIOUS_MOVE = YES;
				CLANG_WARN_UNGUARDED_AVAILABILITY = YES_AGGRESSIVE;
				CLANG_WARN_UNREACHABLE_CODE = YES;
				CLANG_WARN__DUPLICATE_METHOD_MATCH = YES;
				COPY_PHASE_STRIP = NO;
				DEBUG_INFORMATION_FORMAT = "dwarf-with-dsym";
				ENABLE_NS_ASSERTIONS = NO;
				ENABLE_STRICT_OBJC_MSGSEND = YES;
				GCC_C_LANGUAGE_STANDARD = gnu11;
				GCC_NO_COMMON_BLOCKS = YES;
				GCC_WARN_64_TO_32_BIT_CONVERSION = YES;
				GCC_WARN_ABOUT_RETURN_TYPE = YES_ERROR;
				GCC_WARN_UNDECLARED_SELECTOR = YES;
				GCC_WARN_UNINITIALIZED_AUTOS = YES_AGGRESSIVE;
				GCC_WARN_UNUSED_FUNCTION = YES;
				GCC_WARN_UNUSED_VARIABLE = YES;
				IPHONEOS_DEPLOYMENT_TARGET = 16.4;
				MTL_ENABLE_DEBUG_INFO = NO;
				MTL_FAST_MATH = YES;
				SDKROOT = iphoneos;
				SWIFT_COMPILATION_MODE = wholemodule;
				SWIFT_OPTIMIZATION_LEVEL = "-O";
				VALIDATE_PRODUCT = YES;
			};
			name = Release;
		};
		C1D90FA42A2C50EE00837429 /* Debug */ = {
			isa = XCBuildConfiguration;
			buildSettings = {
				ASSETCATALOG_COMPILER_APPICON_NAME = AppIcon;
				ASSETCATALOG_COMPILER_GLOBAL_ACCENT_COLOR_NAME = AccentColor;
				CODE_SIGN_STYLE = Automatic;
				CURRENT_PROJECT_VERSION = 1;
				DEVELOPMENT_ASSET_PATHS = "\"HouseOfYorke/Preview Content\"";
				DEVELOPMENT_TEAM = GA4L9A4FGA;
				ENABLE_PREVIEWS = YES;
				GENERATE_INFOPLIST_FILE = YES;
				INFOPLIST_KEY_UIApplicationSceneManifest_Generation = YES;
				INFOPLIST_KEY_UIApplicationSupportsIndirectInputEvents = YES;
				INFOPLIST_KEY_UILaunchScreen_Generation = YES;
				INFOPLIST_KEY_UISupportedInterfaceOrientations_iPad = "UIInterfaceOrientationPortrait UIInterfaceOrientationPortraitUpsideDown UIInterfaceOrientationLandscapeLeft UIInterfaceOrientationLandscapeRight";
				INFOPLIST_KEY_UISupportedInterfaceOrientations_iPhone = "UIInterfaceOrientationPortrait UIInterfaceOrientationLandscapeLeft UIInterfaceOrientationLandscapeRight";
				LD_RUNPATH_SEARCH_PATHS = (
					"$(inherited)",
					"@executable_path/Frameworks",
				);
				MARKETING_VERSION = 1.0;
				PRODUCT_BUNDLE_IDENTIFIER = com.storkebrothers.HouseOfYorke;
				PRODUCT_NAME = "$(TARGET_NAME)";
				SWIFT_EMIT_LOC_STRINGS = YES;
				SWIFT_VERSION = 5.0;
				TARGETED_DEVICE_FAMILY = "1,2";
			};
			name = Debug;
		};
		C1D90FA52A2C50EE00837429 /* Release */ = {
			isa = XCBuildConfiguration;
			buildSettings = {
				ASSETCATALOG_COMPILER_APPICON_NAME = AppIcon;
				ASSETCATALOG_COMPILER_GLOBAL_ACCENT_COLOR_NAME = AccentColor;
				CODE_SIGN_STYLE = Automatic;
				CURRENT_PROJECT_VERSION = 1;
				DEVELOPMENT_ASSET_PATHS = "\"HouseOfYorke/Preview Content\"";
				DEVELOPMENT_TEAM = GA4L9A4FGA;
				ENABLE_PREVIEWS = YES;
				GENERATE_INFOPLIST_FILE = YES;
				INFOPLIST_KEY_UIApplicationSceneManifest_Generation = YES;
				INFOPLIST_KEY_UIApplicationSupportsIndirectInputEvents = YES;
				INFOPLIST_KEY_UILaunchScreen_Generation = YES;
				INFOPLIST_KEY_UISupportedInterfaceOrientations_iPad = "UIInterfaceOrientationPortrait UIInterfaceOrientationPortraitUpsideDown UIInterfaceOrientationLandscapeLeft UIInterfaceOrientationLandscapeRight";
				INFOPLIST_KEY_UISupportedInterfaceOrientations_iPhone = "UIInterfaceOrientationPortrait UIInterfaceOrientationLandscapeLeft UIInterfaceOrientationLandscapeRight";
				LD_RUNPATH_SEARCH_PATHS = (
					"$(inherited)",
					"@executable_path/Frameworks",
				);
				MARKETING_VERSION = 1.0;
				PRODUCT_BUNDLE_IDENTIFIER = com.storkebrothers.HouseOfYorke;
				PRODUCT_NAME = "$(TARGET_NAME)";
				SWIFT_EMIT_LOC_STRINGS = YES;
				SWIFT_VERSION = 5.0;
				TARGETED_DEVICE_FAMILY = "1,2";
			};
			name = Release;
		};
/* End XCBuildConfiguration section */

/* Begin XCConfigurationList section */
		C1D90F902A2C50ED00837429 /* Build configuration list for PBXProject "HouseOfYorke" */ = {
			isa = XCConfigurationList;
			buildConfigurations = (
				C1D90FA12A2C50EE00837429 /* Debug */,
				C1D90FA22A2C50EE00837429 /* Release */,
			);
			defaultConfigurationIsVisible = 0;
			defaultConfigurationName = Release;
		};
		C1D90FA32A2C50EE00837429 /* Build configuration list for PBXNativeTarget "HouseOfYorke" */ = {
			isa = XCConfigurationList;
			buildConfigurations = (
				C1D90FA42A2C50EE00837429 /* Debug */,
				C1D90FA52A2C50EE00837429 /* Release */,
			);
			defaultConfigurationIsVisible = 0;
			defaultConfigurationName = Release;
		};
/* End XCConfigurationList section */

/* Begin XCRemoteSwiftPackageReference section */
		C1D90FA62A2C527900837429 /* XCRemoteSwiftPackageReference "firebase-ios-sdk" */ = {
			isa = XCRemoteSwiftPackageReference;
			repositoryURL = "https://github.com/firebase/firebase-ios-sdk.git";
			requirement = {
				kind = upToNextMajorVersion;
				minimumVersion = 10.0.0;
			};
		};
/* End XCRemoteSwiftPackageReference section */

/* Begin XCSwiftPackageProductDependency section */
		C1D90FA72A2C527900837429 /* FirebaseAnalytics */ = {
			isa = XCSwiftPackageProductDependency;
			package = C1D90FA62A2C527900837429 /* XCRemoteSwiftPackageReference "firebase-ios-sdk" */;
			productName = FirebaseAnalytics;
		};
		C1D90FA92A2C527900837429 /* FirebaseFirestore */ = {
			isa = XCSwiftPackageProductDependency;
			package = C1D90FA62A2C527900837429 /* XCRemoteSwiftPackageReference "firebase-ios-sdk" */;
			productName = FirebaseFirestore;
		};
/* End XCSwiftPackageProductDependency section */
	};
	rootObject = C1D90F8D2A2C50ED00837429 /* Project object */;
}
